
Microsoft Visual Studio Solution File, Format Version 12.00
Project("{FAE04EC0-301F-11D3-BF4B-00C04F79EFBC}") = "Proyecta.Web", "Proyecta.Web\Proyecta.Web.csproj", "{743B80B7-000E-4884-B197-8CA91532CAB3}"
EndProject
Global
	GlobalSection(SolutionConfigurationPlatforms) = preSolution
		Debug|Any CPU = Debug|Any CPU
		Release|Any CPU = Release|Any CPU
	EndGlobalSection
	GlobalSection(ProjectConfigurationPlatforms) = postSolution
		{743B80B7-000E-4884-B197-8CA91532CAB3}.Debug|Any CPU.ActiveCfg = Debug|Any CPU
		{743B80B7-000E-4884-B197-8CA91532CAB3}.Debug|Any CPU.Build.0 = Debug|Any CPU
		{743B80B7-000E-4884-B197-8CA91532CAB3}.Release|Any CPU.ActiveCfg = Release|Any CPU
		{743B80B7-000E-4884-B197-8CA91532CAB3}.Release|Any CPU.Build.0 = Release|Any CPU
	EndGlobalSection
EndGlobal
